
Microsoft Visual Studio Solution File, Format Version 12.00
# Visual Studio Version 17
VisualStudioVersion = 17.11.35222.181
MinimumVisualStudioVersion = 10.0.40219.1
Project("{FAE04EC0-301F-11D3-BF4B-00C04F79EFBC}") = "Laba2N1", "Laba2N1\Laba2N1.csproj", "{19AFD1B5-FEA7-4170-B1B4-048241259BC0}"
EndProject
Project("{FAE04EC0-301F-11D3-BF4B-00C04F79EFBC}") = "Laba2zadacha2-3", "..\Laba2zadacha2-3\Laba2zadacha2-3\Laba2zadacha2-3.csproj", "{FE1E48E4-6E9A-46EF-BB5D-AB2166EFEDD5}"
EndProject
Global
	GlobalSection(SolutionConfigurationPlatforms) = preSolution
		Debug|Any CPU = Debug|Any CPU
		Release|Any CPU = Release|Any CPU
	EndGlobalSection
	GlobalSection(ProjectConfigurationPlatforms) = postSolution
		{19AFD1B5-FEA7-4170-B1B4-048241259BC0}.Debug|Any CPU.ActiveCfg = Debug|Any CPU
		{19AFD1B5-FEA7-4170-B1B4-048241259BC0}.Debug|Any CPU.Build.0 = Debug|Any CPU
		{19AFD1B5-FEA7-4170-B1B4-048241259BC0}.Release|Any CPU.ActiveCfg = Release|Any CPU
		{19AFD1B5-FEA7-4170-B1B4-048241259BC0}.Release|Any CPU.Build.0 = Release|Any CPU
		{FE1E48E4-6E9A-46EF-BB5D-AB2166EFEDD5}.Debug|Any CPU.ActiveCfg = Debug|Any CPU
		{FE1E48E4-6E9A-46EF-BB5D-AB2166EFEDD5}.Debug|Any CPU.Build.0 = Debug|Any CPU
		{FE1E48E4-6E9A-46EF-BB5D-AB2166EFEDD5}.Release|Any CPU.ActiveCfg = Release|Any CPU
		{FE1E48E4-6E9A-46EF-BB5D-AB2166EFEDD5}.Release|Any CPU.Build.0 = Release|Any CPU
	EndGlobalSection
	GlobalSection(SolutionProperties) = preSolution
		HideSolutionNode = FALSE
	EndGlobalSection
	GlobalSection(ExtensibilityGlobals) = postSolution
		SolutionGuid = {DCDC1103-E83C-43A6-B29E-8F3A23F8AECF}
	EndGlobalSection
EndGlobal
